# generated by rye
# use `rye lock` or `rye sync` to update this lockfile
#
# last locked with the following flags:
#   pre: false
#   features: []
#   all-features: true
#   with-sources: false
#   generate-hashes: false
#   universal: false

-e file:.
alabaster==0.7.13
    # via sphinx
annotated-types==0.7.0
    # via pydantic
anyio==4.5.2
    # via httpx
    # via openai
babel==2.17.0
    # via sphinx
backports-tarfile==1.2.0
    # via jaraco-context
build==1.2.2.post1
certifi==2025.10.5
    # via httpcore
    # via httpx
    # via requests
cfgv==3.4.0
    # via pre-commit
charset-normalizer==3.4.3
    # via requests
click==8.1.8
    # via click-option-group
    # via python-semantic-release
click-option-group==0.5.8
    # via python-semantic-release
coverage==7.6.1
    # via pytest-cov
deprecated==1.2.18
    # via python-semantic-release
dirty-equals==0.9.0
distlib==0.4.0
    # via virtualenv
distro==1.9.0
    # via openai
docutils==0.20.1
    # via myst-parser
    # via readme-renderer
    # via sphinx
    # via sphinx-rtd-theme
dotty-dict==1.3.1
    # via python-semantic-release
exceptiongroup==1.3.0
    # via anyio
    # via pytest
filelock==3.16.1
    # via virtualenv
gitdb==4.0.12
    # via gitpython
gitpython==3.1.45
    # via python-semantic-release
h11==0.16.0
    # via httpcore
httpcore==1.0.9
    # via httpx
httpx==0.28.1
    # via evolution-openai
    # via openai
id==1.5.0
    # via twine
identify==2.6.1
    # via pre-commit
idna==3.10
    # via anyio
    # via httpx
    # via requests
imagesize==1.4.1
    # via sphinx
importlib-metadata==8.5.0
    # via build
    # via keyring
    # via sphinx
    # via twine
importlib-resources==6.4.5
    # via keyring
    # via python-semantic-release
iniconfig==2.1.0
    # via pytest
jaraco-classes==3.4.0
    # via keyring
jaraco-context==6.0.1
    # via keyring
jaraco-functools==4.1.0
    # via keyring
jinja2==3.1.6
    # via myst-parser
    # via python-semantic-release
    # via sphinx
jiter==0.9.1
    # via openai
keyring==25.5.0
    # via twine
markdown-it-py==3.0.0
    # via mdit-py-plugins
    # via myst-parser
    # via rich
markupsafe==2.1.5
    # via jinja2
mdit-py-plugins==0.4.2
    # via myst-parser
mdurl==0.1.2
    # via markdown-it-py
more-itertools==10.5.0
    # via jaraco-classes
    # via jaraco-functools
mypy==1.14.1
mypy-extensions==1.1.0
    # via mypy
myst-parser==3.0.1
nh3==0.3.0
    # via readme-renderer
nodeenv==1.9.1
    # via pre-commit
    # via pyright
openai==1.109.1
    # via evolution-openai
packaging==25.0
    # via build
    # via pytest
    # via sphinx
    # via twine
platformdirs==4.3.6
    # via virtualenv
pluggy==1.5.0
    # via pytest
pre-commit==3.5.0
pydantic==2.10.6
    # via openai
    # via python-semantic-release
pydantic-core==2.27.2
    # via pydantic
pygments==2.19.2
    # via readme-renderer
    # via rich
    # via sphinx
pyproject-hooks==1.2.0
    # via build
pyright==1.1.406
pytest==8.3.5
    # via pytest-asyncio
    # via pytest-cov
    # via pytest-mock
pytest-asyncio==0.24.0
pytest-cov==5.0.0
pytest-mock==3.14.1
python-dateutil==2.9.0.post0
    # via time-machine
python-dotenv==1.0.1
    # via evolution-openai
python-gitlab==4.13.0
    # via python-semantic-release
python-semantic-release==10.4.1
pytz==2025.2
    # via babel
    # via dirty-equals
pyyaml==6.0.3
    # via myst-parser
    # via pre-commit
    # via responses
readme-renderer==43.0
    # via twine
requests==2.32.4
    # via evolution-openai
    # via id
    # via python-gitlab
    # via python-semantic-release
    # via requests-toolbelt
    # via responses
    # via sphinx
    # via twine
requests-toolbelt==1.0.0
    # via python-gitlab
    # via twine
responses==0.25.8
rfc3986==2.0.0
    # via twine
rich==14.1.0
    # via python-semantic-release
    # via twine
ruff==0.13.3
shellingham==1.5.4
    # via python-semantic-release
six==1.17.0
    # via python-dateutil
smmap==5.0.2
    # via gitdb
sniffio==1.3.1
    # via anyio
    # via openai
snowballstemmer==3.0.1
    # via sphinx
sphinx==7.1.2
    # via myst-parser
    # via sphinx-autodoc-typehints
    # via sphinx-rtd-theme
    # via sphinxcontrib-jquery
sphinx-autodoc-typehints==2.0.1
sphinx-rtd-theme==3.0.2
sphinxcontrib-applehelp==1.0.4
    # via sphinx
sphinxcontrib-devhelp==1.0.2
    # via sphinx
sphinxcontrib-htmlhelp==2.0.1
    # via sphinx
sphinxcontrib-jquery==4.1
    # via sphinx-rtd-theme
sphinxcontrib-jsmath==1.0.1
    # via sphinx
sphinxcontrib-qthelp==1.0.3
    # via sphinx
sphinxcontrib-serializinghtml==1.1.5
    # via sphinx
time-machine==2.15.0
tomli==2.2.1
    # via build
    # via coverage
    # via mypy
    # via pytest
tomlkit==0.13.3
    # via python-semantic-release
tqdm==4.67.1
    # via openai
twine==6.1.0
types-requests==2.32.0.20241016
typing-extensions==4.13.2
    # via annotated-types
    # via anyio
    # via exceptiongroup
    # via gitpython
    # via mypy
    # via openai
    # via pydantic
    # via pydantic-core
    # via pyright
    # via virtualenv
urllib3==2.2.3
    # via requests
    # via responses
    # via twine
    # via types-requests
virtualenv==20.34.0
    # via pre-commit
wrapt==1.17.3
    # via deprecated
zipp==3.20.2
    # via importlib-metadata
    # via importlib-resources
